
Microsoft Visual Studio Solution File, Format Version 12.00
# Visual Studio Version 16
VisualStudioVersion = 16.0.31424.327
MinimumVisualStudioVersion = 10.0.40219.1
Project("{9A19103F-16F7-4668-BE54-9A1E7A4F7556}") = "DemoAPI", "DemoAPI\DemoAPI.csproj", "{FA214157-4A9A-42E2-8C50-3A3DBB3F0A43}"
EndProject
Project("{00D1A9C2-B5F0-4AF3-8072-F6C62B433612}") = "Contact", "Contact\Contact.sqlproj", "{A16D4451-1430-4763-8170-71274CB3D3E8}"
EndProject
Project("{9A19103F-16F7-4668-BE54-9A1E7A4F7556}") = "DAL", "DAL\DAL.csproj", "{A7403E02-64F8-4CE5-84F4-F7A904D41E88}"
EndProject
Project("{9A19103F-16F7-4668-BE54-9A1E7A4F7556}") = "BLL", "BLL\BLL.csproj", "{37B89379-F966-445D-8E51-BBC487F2F316}"
EndProject
Project("{9A19103F-16F7-4668-BE54-9A1E7A4F7556}") = "ADOLibrary", "ADOLibrary\ADOLibrary\ADOLibrary.csproj", "{2B358830-C543-46F5-9170-969934B4B542}"
EndProject
Project("{9A19103F-16F7-4668-BE54-9A1E7A4F7556}") = "ApiMiddleware", "ApiMiddleware\ApiMiddleware.csproj", "{4F54B9D7-8061-40C7-B205-789D26291413}"
EndProject
Project("{2150E333-8FDC-42A3-9474-1A3956D46DE8}") = "OUtils", "OUtils", "{FB1FCCEC-53C2-4B8D-BA1D-D7F27785552F}"
	ProjectSection(SolutionItems) = preProject
		TestCors.html = TestCors.html
	EndProjectSection
EndProject
Project("{9A19103F-16F7-4668-BE54-9A1E7A4F7556}") = "WpfSignalR", "WpfSignalR\WpfSignalR.csproj", "{BE883DD3-6C19-4435-8C1A-8027FBA049DD}"
EndProject
Project("{FAE04EC0-301F-11D3-BF4B-00C04F79EFBC}") = "SignalRTool", "SignalRTool\SignalRTool.csproj", "{E52C0B44-7583-4B80-95F7-E914F3352695}"
EndProject
Global
	GlobalSection(SolutionConfigurationPlatforms) = preSolution
		Debug|Any CPU = Debug|Any CPU
		Release|Any CPU = Release|Any CPU
	EndGlobalSection
	GlobalSection(ProjectConfigurationPlatforms) = postSolution
		{FA214157-4A9A-42E2-8C50-3A3DBB3F0A43}.Debug|Any CPU.ActiveCfg = Debug|Any CPU
		{FA214157-4A9A-42E2-8C50-3A3DBB3F0A43}.Debug|Any CPU.Build.0 = Debug|Any CPU
		{FA214157-4A9A-42E2-8C50-3A3DBB3F0A43}.Release|Any CPU.ActiveCfg = Release|Any CPU
		{FA214157-4A9A-42E2-8C50-3A3DBB3F0A43}.Release|Any CPU.Build.0 = Release|Any CPU
		{A16D4451-1430-4763-8170-71274CB3D3E8}.Debug|Any CPU.ActiveCfg = Debug|Any CPU
		{A16D4451-1430-4763-8170-71274CB3D3E8}.Debug|Any CPU.Build.0 = Debug|Any CPU
		{A16D4451-1430-4763-8170-71274CB3D3E8}.Debug|Any CPU.Deploy.0 = Debug|Any CPU
		{A16D4451-1430-4763-8170-71274CB3D3E8}.Release|Any CPU.ActiveCfg = Release|Any CPU
		{A16D4451-1430-4763-8170-71274CB3D3E8}.Release|Any CPU.Build.0 = Release|Any CPU
		{A16D4451-1430-4763-8170-71274CB3D3E8}.Release|Any CPU.Deploy.0 = Release|Any CPU
		{A7403E02-64F8-4CE5-84F4-F7A904D41E88}.Debug|Any CPU.ActiveCfg = Debug|Any CPU
		{A7403E02-64F8-4CE5-84F4-F7A904D41E88}.Debug|Any CPU.Build.0 = Debug|Any CPU
		{A7403E02-64F8-4CE5-84F4-F7A904D41E88}.Release|Any CPU.ActiveCfg = Release|Any CPU
		{A7403E02-64F8-4CE5-84F4-F7A904D41E88}.Release|Any CPU.Build.0 = Release|Any CPU
		{37B89379-F966-445D-8E51-BBC487F2F316}.Debug|Any CPU.ActiveCfg = Debug|Any CPU
		{37B89379-F966-445D-8E51-BBC487F2F316}.Debug|Any CPU.Build.0 = Debug|Any CPU
		{37B89379-F966-445D-8E51-BBC487F2F316}.Release|Any CPU.ActiveCfg = Release|Any CPU
		{37B89379-F966-445D-8E51-BBC487F2F316}.Release|Any CPU.Build.0 = Release|Any CPU
		{2B358830-C543-46F5-9170-969934B4B542}.Debug|Any CPU.ActiveCfg = Debug|Any CPU
		{2B358830-C543-46F5-9170-969934B4B542}.Debug|Any CPU.Build.0 = Debug|Any CPU
		{2B358830-C543-46F5-9170-969934B4B542}.Release|Any CPU.ActiveCfg = Release|Any CPU
		{2B358830-C543-46F5-9170-969934B4B542}.Release|Any CPU.Build.0 = Release|Any CPU
		{4F54B9D7-8061-40C7-B205-789D26291413}.Debug|Any CPU.ActiveCfg = Debug|Any CPU
		{4F54B9D7-8061-40C7-B205-789D26291413}.Debug|Any CPU.Build.0 = Debug|Any CPU
		{4F54B9D7-8061-40C7-B205-789D26291413}.Release|Any CPU.ActiveCfg = Release|Any CPU
		{4F54B9D7-8061-40C7-B205-789D26291413}.Release|Any CPU.Build.0 = Release|Any CPU
		{BE883DD3-6C19-4435-8C1A-8027FBA049DD}.Debug|Any CPU.ActiveCfg = Debug|Any CPU
		{BE883DD3-6C19-4435-8C1A-8027FBA049DD}.Debug|Any CPU.Build.0 = Debug|Any CPU
		{BE883DD3-6C19-4435-8C1A-8027FBA049DD}.Release|Any CPU.ActiveCfg = Release|Any CPU
		{BE883DD3-6C19-4435-8C1A-8027FBA049DD}.Release|Any CPU.Build.0 = Release|Any CPU
		{E52C0B44-7583-4B80-95F7-E914F3352695}.Debug|Any CPU.ActiveCfg = Debug|Any CPU
		{E52C0B44-7583-4B80-95F7-E914F3352695}.Debug|Any CPU.Build.0 = Debug|Any CPU
		{E52C0B44-7583-4B80-95F7-E914F3352695}.Release|Any CPU.ActiveCfg = Release|Any CPU
		{E52C0B44-7583-4B80-95F7-E914F3352695}.Release|Any CPU.Build.0 = Release|Any CPU
	EndGlobalSection
	GlobalSection(SolutionProperties) = preSolution
		HideSolutionNode = FALSE
	EndGlobalSection
	GlobalSection(ExtensibilityGlobals) = postSolution
		SolutionGuid = {C7CD2E0C-8BED-49BA-8B3E-8566D45C02F8}
	EndGlobalSection
EndGlobal
