
Microsoft Visual Studio Solution File, Format Version 12.00
# Visual Studio Version 16
VisualStudioVersion = 16.0.31424.327
MinimumVisualStudioVersion = 10.0.40219.1
Project("{FAE04EC0-301F-11D3-BF4B-00C04F79EFBC}") = "ADOLibrary", "ADOLibrary\ADOLibrary.csproj", "{42941F72-B552-48D6-BCF7-32958FCD3FC2}"
EndProject
Global
	GlobalSection(SolutionConfigurationPlatforms) = preSolution
		Debug|Any CPU = Debug|Any CPU
		Release|Any CPU = Release|Any CPU
	EndGlobalSection
	GlobalSection(ProjectConfigurationPlatforms) = postSolution
		{42941F72-B552-48D6-BCF7-32958FCD3FC2}.Debug|Any CPU.ActiveCfg = Debug|Any CPU
		{42941F72-B552-48D6-BCF7-32958FCD3FC2}.Debug|Any CPU.Build.0 = Debug|Any CPU
		{42941F72-B552-48D6-BCF7-32958FCD3FC2}.Release|Any CPU.ActiveCfg = Release|Any CPU
		{42941F72-B552-48D6-BCF7-32958FCD3FC2}.Release|Any CPU.Build.0 = Release|Any CPU
	EndGlobalSection
	GlobalSection(SolutionProperties) = preSolution
		HideSolutionNode = FALSE
	EndGlobalSection
	GlobalSection(ExtensibilityGlobals) = postSolution
		SolutionGuid = {855F1110-1D55-4F52-B761-AED3584FF02E}
	EndGlobalSection
EndGlobal
